<?xml version="1.0" encoding="utf-8"?>
<Project ToolsVersion="4.0" xmlns="http://schemas.microsoft.com/developer/msbuild/2003">
  <ItemGroup>
    <Filter Include="Source Files">
      <UniqueIdentifier>{4FC737F1-C7A5-4376-A066-2A32D752A2FF}</UniqueIdentifier>
      <Extensions>cpp;c;cc;cxx;def;odl;idl;hpj;bat;asm;asmx</Extensions>
    </Filter>
    <Filter Include="Header Files">
      <UniqueIdentifier>{93995380-89BD-4b04-88EB-625FBE52EBFB}</UniqueIdentifier>
      <Extensions>h;hpp;hxx;hm;inl;inc;xsd</Extensions>
    </Filter>
    <Filter Include="Resource Files">
      <UniqueIdentifier>{67DA6AB6-F800-4c08-8B7A-83BB121AAD01}</UniqueIdentifier>
      <Extensions>rc;ico;cur;bmp;dlg;rc2;rct;bin;rgs;gif;jpg;jpeg;jpe;resx;tiff;tif;png;wav;mfcribbon-ms</Extensions>
    </Filter>
    <Filter Include="CPUIDDetail">
      <UniqueIdentifier>{beddefd2-15de-4d55-98c0-624c1d3f7ad9}</UniqueIdentifier>
    </Filter>
    <Filter Include="CPUIDDetail\BasicCPU0">
      <UniqueIdentifier>{e4a2f23a-3a33-4e39-8228-58acb73a1d81}</UniqueIdentifier>
    </Filter>
    <Filter Include="CPUIDDetail\BasicCPU1">
      <UniqueIdentifier>{e6958645-8e89-4998-a268-1f49d6255ee6}</UniqueIdentifier>
    </Filter>
  </ItemGroup>
  <ItemGroup>
    <None Include="ReadMe.txt" />
  </ItemGroup>
  <ItemGroup>
    <ClInclude Include="stdafx.h">
      <Filter>Header Files</Filter>
    </ClInclude>
    <ClInclude Include="targetver.h">
      <Filter>Header Files</Filter>
    </ClInclude>
    <ClInclude Include="CPUIDDetail\BasicCPU0.h">
      <Filter>CPUIDDetail\BasicCPU0</Filter>
    </ClInclude>
    <ClInclude Include="CPUIDDetail\BasicCPU1.h">
      <Filter>CPUIDDetail\BasicCPU1</Filter>
    </ClInclude>
  </ItemGroup>
  <ItemGroup>
    <ClCompile Include="stdafx.cpp">
      <Filter>Source Files</Filter>
    </ClCompile>
    <ClCompile Include="CPUID.cpp">
      <Filter>Source Files</Filter>
    </ClCompile>
    <ClCompile Include="CPUIDDetail\BasicCPU0.cpp">
      <Filter>CPUIDDetail\BasicCPU0</Filter>
    </ClCompile>
    <ClCompile Include="CPUIDDetail\BasicCPU1.cpp">
      <Filter>CPUIDDetail\BasicCPU1</Filter>
    </ClCompile>
  </ItemGroup>
</Project>